
Microsoft Visual Studio Solution File, Format Version 12.00
# Visual Studio Version 16
VisualStudioVersion = 16.0.30406.217
MinimumVisualStudioVersion = 10.0.40219.1
Project("{9A19103F-16F7-4668-BE54-9A1E7A4F7556}") = "ModularApp", "ModularApp.csproj", "{AF65BDD9-962B-4B02-B7D5-921977623A01}"
EndProject
Project("{9A19103F-16F7-4668-BE54-9A1E7A4F7556}") = "ModularApp.FlightModule", "..\ModularApp.FlightModule\ModularApp.FlightModule.csproj", "{F976B1F5-8547-4C45-85FB-413FA6CFC92E}"
EndProject
Project("{9A19103F-16F7-4668-BE54-9A1E7A4F7556}") = "ModularApp.PassengerModule", "..\ModularApp.AirportModule\ModularApp.PassengerModule.csproj", "{CDFC32B0-1CDA-4E39-A01D-842D51F5A500}"
EndProject
Project("{9A19103F-16F7-4668-BE54-9A1E7A4F7556}") = "ModularApp.Infrastructure", "..\ModularApp.Infrastructure\ModularApp.Infrastructure.csproj", "{35F07FFD-34DD-491E-87D1-38FE7C5E00C6}"
EndProject
Global
	GlobalSection(SolutionConfigurationPlatforms) = preSolution
		Debug|Any CPU = Debug|Any CPU
		Release|Any CPU = Release|Any CPU
	EndGlobalSection
	GlobalSection(ProjectConfigurationPlatforms) = postSolution
		{AF65BDD9-962B-4B02-B7D5-921977623A01}.Debug|Any CPU.ActiveCfg = Debug|Any CPU
		{AF65BDD9-962B-4B02-B7D5-921977623A01}.Debug|Any CPU.Build.0 = Debug|Any CPU
		{AF65BDD9-962B-4B02-B7D5-921977623A01}.Release|Any CPU.ActiveCfg = Release|Any CPU
		{AF65BDD9-962B-4B02-B7D5-921977623A01}.Release|Any CPU.Build.0 = Release|Any CPU
		{F976B1F5-8547-4C45-85FB-413FA6CFC92E}.Debug|Any CPU.ActiveCfg = Debug|Any CPU
		{F976B1F5-8547-4C45-85FB-413FA6CFC92E}.Debug|Any CPU.Build.0 = Debug|Any CPU
		{F976B1F5-8547-4C45-85FB-413FA6CFC92E}.Release|Any CPU.ActiveCfg = Release|Any CPU
		{F976B1F5-8547-4C45-85FB-413FA6CFC92E}.Release|Any CPU.Build.0 = Release|Any CPU
		{CDFC32B0-1CDA-4E39-A01D-842D51F5A500}.Debug|Any CPU.ActiveCfg = Debug|Any CPU
		{CDFC32B0-1CDA-4E39-A01D-842D51F5A500}.Debug|Any CPU.Build.0 = Debug|Any CPU
		{CDFC32B0-1CDA-4E39-A01D-842D51F5A500}.Release|Any CPU.ActiveCfg = Release|Any CPU
		{CDFC32B0-1CDA-4E39-A01D-842D51F5A500}.Release|Any CPU.Build.0 = Release|Any CPU
		{35F07FFD-34DD-491E-87D1-38FE7C5E00C6}.Debug|Any CPU.ActiveCfg = Debug|Any CPU
		{35F07FFD-34DD-491E-87D1-38FE7C5E00C6}.Debug|Any CPU.Build.0 = Debug|Any CPU
		{35F07FFD-34DD-491E-87D1-38FE7C5E00C6}.Release|Any CPU.ActiveCfg = Release|Any CPU
		{35F07FFD-34DD-491E-87D1-38FE7C5E00C6}.Release|Any CPU.Build.0 = Release|Any CPU
	EndGlobalSection
	GlobalSection(SolutionProperties) = preSolution
		HideSolutionNode = FALSE
	EndGlobalSection
	GlobalSection(ExtensibilityGlobals) = postSolution
		SolutionGuid = {8B9DB26A-5B51-4593-A5E4-A42FDD3D4426}
	EndGlobalSection
EndGlobal
